
Microsoft Visual Studio Solution File, Format Version 12.00
Project("{FAE04EC0-301F-11D3-BF4B-00C04F79EFBC}") = "BetApi", "BetApi\BetApi.csproj", "{BBD6F9C4-5363-4F3E-A4C7-726F5DC63627}"
EndProject
Project("{2150E333-8FDC-42A3-9474-1A3956D46DE8}") = "Presentation", "Presentation", "{51F5F4C8-6CAB-4692-9379-2ADC27AD6FF2}"
EndProject
Project("{2150E333-8FDC-42A3-9474-1A3956D46DE8}") = "Application", "Application", "{7E845358-D207-473C-AB44-509393F36DB5}"
EndProject
Project("{2150E333-8FDC-42A3-9474-1A3956D46DE8}") = "Domain", "Domain", "{0C478C4E-1818-43DD-BA8E-AEE0028B5741}"
EndProject
Project("{FAE04EC0-301F-11D3-BF4B-00C04F79EFBC}") = "Entities", "Entities\Entities.csproj", "{8BC68349-DB24-436C-86F1-3968CD63CCC0}"
EndProject
Project("{2150E333-8FDC-42A3-9474-1A3956D46DE8}") = "Integration", "Integration", "{A1C37FD1-1E15-48A7-AC12-A5703349AF4D}"
EndProject
Project("{2150E333-8FDC-42A3-9474-1A3956D46DE8}") = "Data", "Data", "{C9DD629C-C3EA-4AB1-A9AE-45F8CC48A2FD}"
EndProject
Project("{2150E333-8FDC-42A3-9474-1A3956D46DE8}") = "Infrastructure", "Infrastructure", "{FB16CB7A-B69C-4034-B2B8-483B43473120}"
EndProject
Project("{FAE04EC0-301F-11D3-BF4B-00C04F79EFBC}") = "IoC", "IoC\IoC.csproj", "{73F78496-D69B-4765-9B50-E8476A88C4CE}"
EndProject
Project("{FAE04EC0-301F-11D3-BF4B-00C04F79EFBC}") = "Repositories", "Repositories\Repositories.csproj", "{19FAB39E-7BE2-4026-8585-894A124140E8}"
EndProject
Project("{FAE04EC0-301F-11D3-BF4B-00C04F79EFBC}") = "Interfaces", "Interfaces\Interfaces.csproj", "{AB1FE223-1738-4CE6-9503-BCDB007C8A06}"
EndProject
Project("{FAE04EC0-301F-11D3-BF4B-00C04F79EFBC}") = "Operations", "Operations\Operations.csproj", "{96AA25B3-CBC1-437D-9DCF-B7FE3786BC19}"
EndProject
Project("{FAE04EC0-301F-11D3-BF4B-00C04F79EFBC}") = "Infrastructure", "Infrastructure\Infrastructure.csproj", "{56426C89-75D8-4B86-8886-569DA09D4EB2}"
EndProject
Project("{2150E333-8FDC-42A3-9474-1A3956D46DE8}") = "Tests", "Tests", "{3FB9466C-815B-4BAE-A0CE-8734E0982894}"
EndProject
Project("{FAE04EC0-301F-11D3-BF4B-00C04F79EFBC}") = "UnitTests", "UnitTests\UnitTests.csproj", "{88987919-0737-4ACD-A173-D9727A95E48A}"
EndProject
Global
	GlobalSection(SolutionConfigurationPlatforms) = preSolution
		Debug|Any CPU = Debug|Any CPU
		Release|Any CPU = Release|Any CPU
	EndGlobalSection
	GlobalSection(ProjectConfigurationPlatforms) = postSolution
		{BBD6F9C4-5363-4F3E-A4C7-726F5DC63627}.Debug|Any CPU.ActiveCfg = Debug|Any CPU
		{BBD6F9C4-5363-4F3E-A4C7-726F5DC63627}.Debug|Any CPU.Build.0 = Debug|Any CPU
		{BBD6F9C4-5363-4F3E-A4C7-726F5DC63627}.Release|Any CPU.ActiveCfg = Release|Any CPU
		{BBD6F9C4-5363-4F3E-A4C7-726F5DC63627}.Release|Any CPU.Build.0 = Release|Any CPU
		{8BC68349-DB24-436C-86F1-3968CD63CCC0}.Debug|Any CPU.ActiveCfg = Debug|Any CPU
		{8BC68349-DB24-436C-86F1-3968CD63CCC0}.Debug|Any CPU.Build.0 = Debug|Any CPU
		{8BC68349-DB24-436C-86F1-3968CD63CCC0}.Release|Any CPU.ActiveCfg = Release|Any CPU
		{8BC68349-DB24-436C-86F1-3968CD63CCC0}.Release|Any CPU.Build.0 = Release|Any CPU
		{73F78496-D69B-4765-9B50-E8476A88C4CE}.Debug|Any CPU.ActiveCfg = Debug|Any CPU
		{73F78496-D69B-4765-9B50-E8476A88C4CE}.Debug|Any CPU.Build.0 = Debug|Any CPU
		{73F78496-D69B-4765-9B50-E8476A88C4CE}.Release|Any CPU.ActiveCfg = Release|Any CPU
		{73F78496-D69B-4765-9B50-E8476A88C4CE}.Release|Any CPU.Build.0 = Release|Any CPU
		{19FAB39E-7BE2-4026-8585-894A124140E8}.Debug|Any CPU.ActiveCfg = Debug|Any CPU
		{19FAB39E-7BE2-4026-8585-894A124140E8}.Debug|Any CPU.Build.0 = Debug|Any CPU
		{19FAB39E-7BE2-4026-8585-894A124140E8}.Release|Any CPU.ActiveCfg = Release|Any CPU
		{19FAB39E-7BE2-4026-8585-894A124140E8}.Release|Any CPU.Build.0 = Release|Any CPU
		{AB1FE223-1738-4CE6-9503-BCDB007C8A06}.Debug|Any CPU.ActiveCfg = Debug|Any CPU
		{AB1FE223-1738-4CE6-9503-BCDB007C8A06}.Debug|Any CPU.Build.0 = Debug|Any CPU
		{AB1FE223-1738-4CE6-9503-BCDB007C8A06}.Release|Any CPU.ActiveCfg = Release|Any CPU
		{AB1FE223-1738-4CE6-9503-BCDB007C8A06}.Release|Any CPU.Build.0 = Release|Any CPU
		{96AA25B3-CBC1-437D-9DCF-B7FE3786BC19}.Debug|Any CPU.ActiveCfg = Debug|Any CPU
		{96AA25B3-CBC1-437D-9DCF-B7FE3786BC19}.Debug|Any CPU.Build.0 = Debug|Any CPU
		{96AA25B3-CBC1-437D-9DCF-B7FE3786BC19}.Release|Any CPU.ActiveCfg = Release|Any CPU
		{96AA25B3-CBC1-437D-9DCF-B7FE3786BC19}.Release|Any CPU.Build.0 = Release|Any CPU
		{56426C89-75D8-4B86-8886-569DA09D4EB2}.Debug|Any CPU.ActiveCfg = Debug|Any CPU
		{56426C89-75D8-4B86-8886-569DA09D4EB2}.Debug|Any CPU.Build.0 = Debug|Any CPU
		{56426C89-75D8-4B86-8886-569DA09D4EB2}.Release|Any CPU.ActiveCfg = Release|Any CPU
		{56426C89-75D8-4B86-8886-569DA09D4EB2}.Release|Any CPU.Build.0 = Release|Any CPU
		{88987919-0737-4ACD-A173-D9727A95E48A}.Debug|Any CPU.ActiveCfg = Debug|Any CPU
		{88987919-0737-4ACD-A173-D9727A95E48A}.Debug|Any CPU.Build.0 = Debug|Any CPU
		{88987919-0737-4ACD-A173-D9727A95E48A}.Release|Any CPU.ActiveCfg = Release|Any CPU
		{88987919-0737-4ACD-A173-D9727A95E48A}.Release|Any CPU.Build.0 = Release|Any CPU
	EndGlobalSection
	GlobalSection(NestedProjects) = preSolution
		{BBD6F9C4-5363-4F3E-A4C7-726F5DC63627} = {51F5F4C8-6CAB-4692-9379-2ADC27AD6FF2}
		{8BC68349-DB24-436C-86F1-3968CD63CCC0} = {0C478C4E-1818-43DD-BA8E-AEE0028B5741}
		{51F5F4C8-6CAB-4692-9379-2ADC27AD6FF2} = {A1C37FD1-1E15-48A7-AC12-A5703349AF4D}
		{C9DD629C-C3EA-4AB1-A9AE-45F8CC48A2FD} = {A1C37FD1-1E15-48A7-AC12-A5703349AF4D}
		{FB16CB7A-B69C-4034-B2B8-483B43473120} = {A1C37FD1-1E15-48A7-AC12-A5703349AF4D}
		{73F78496-D69B-4765-9B50-E8476A88C4CE} = {FB16CB7A-B69C-4034-B2B8-483B43473120}
		{19FAB39E-7BE2-4026-8585-894A124140E8} = {C9DD629C-C3EA-4AB1-A9AE-45F8CC48A2FD}
		{AB1FE223-1738-4CE6-9503-BCDB007C8A06} = {7E845358-D207-473C-AB44-509393F36DB5}
		{96AA25B3-CBC1-437D-9DCF-B7FE3786BC19} = {7E845358-D207-473C-AB44-509393F36DB5}
		{56426C89-75D8-4B86-8886-569DA09D4EB2} = {FB16CB7A-B69C-4034-B2B8-483B43473120}
		{88987919-0737-4ACD-A173-D9727A95E48A} = {3FB9466C-815B-4BAE-A0CE-8734E0982894}
	EndGlobalSection
EndGlobal
